
Microsoft Visual Studio Solution File, Format Version 12.00
# Visual Studio Version 17
VisualStudioVersion = 17.11.35327.3
MinimumVisualStudioVersion = 10.0.40219.1
Project("{FAE04EC0-301F-11D3-BF4B-00C04F79EFBC}") = "favman", "favman\favman.csproj", "{F844841B-12F8-46F4-97A7-0E42C38FDC72}"
EndProject
Global
	GlobalSection(SolutionConfigurationPlatforms) = preSolution
		Debug|Any CPU = Debug|Any CPU
		Release|Any CPU = Release|Any CPU
	EndGlobalSection
	GlobalSection(ProjectConfigurationPlatforms) = postSolution
		{F844841B-12F8-46F4-97A7-0E42C38FDC72}.Debug|Any CPU.ActiveCfg = Debug|Any CPU
		{F844841B-12F8-46F4-97A7-0E42C38FDC72}.Debug|Any CPU.Build.0 = Debug|Any CPU
		{F844841B-12F8-46F4-97A7-0E42C38FDC72}.Release|Any CPU.ActiveCfg = Release|Any CPU
		{F844841B-12F8-46F4-97A7-0E42C38FDC72}.Release|Any CPU.Build.0 = Release|Any CPU
	EndGlobalSection
	GlobalSection(SolutionProperties) = preSolution
		HideSolutionNode = FALSE
	EndGlobalSection
	GlobalSection(ExtensibilityGlobals) = postSolution
		SolutionGuid = {AFE0AB41-1261-41B2-B607-9AD5405F1EC3}
	EndGlobalSection
EndGlobal
